packages:
  apb:
    revision: null
    version: null
    source:
      Path: hardware/deps/apb
    dependencies:
    - common_cells
  apb_timer:
    revision: null
    version: null
    source:
      Path: hardware/deps/apb_timer
    dependencies: []
  apb_uart:
    revision: null
    version: null
    source:
      Path: hardware/deps/apb_uart
    dependencies:
    - apb
    - register_interface
  axi:
    revision: null
    version: null
    source:
      Path: hardware/deps/axi
    dependencies:
    - common_cells
    - common_verification
  axi2apb:
    revision: null
    version: null
    source:
      Path: hardware/deps/axi2apb
    dependencies:
    - apb
    - axi
  axi_mem_if:
    revision: null
    version: null
    source:
      Path: hardware/deps/axi_mem_if
    dependencies:
    - axi
  axi_riscv_atomics:
    revision: null
    version: null
    source:
      Path: hardware/deps/axi_riscv_atomics
    dependencies:
    - axi
    - common_cells
    - common_verification
  axi_slice:
    revision: a4f72bc21ac4d7da631e8309d9f8d0c34b735c23
    version: 1.1.4
    source:
      Git: https://github.com/pulp-platform/axi_slice
    dependencies:
    - common_cells
  common_cells:
    revision: null
    version: null
    source:
      Path: hardware/deps/common_cells
    dependencies:
    - common_verification
    - tech_cells_generic
  common_verification:
    revision: null
    version: null
    source:
      Path: hardware/deps/common_verification
    dependencies: []
  cva6:
    revision: null
    version: null
    source:
      Path: hardware/deps/cva6
    dependencies:
    - axi
    - common_cells
    - fpnew
    - tech_cells_generic
  fpnew:
    revision: null
    version: null
    source:
      Path: hardware/deps/fpnew
    dependencies:
    - common_cells
    - fpu_div_sqrt_mvp
  fpu_div_sqrt_mvp:
    revision: null
    version: null
    source:
      Path: hardware/deps/fpu_div_sqrt_mvp
    dependencies:
    - common_cells
  register_interface:
    revision: null
    version: null
    source:
      Path: hardware/deps/register_interface
    dependencies:
    - apb
    - axi
    - common_cells
    - common_verification
  riscv_dbg:
    revision: null
    version: null
    source:
      Path: hardware/deps/riscv_dbg
    dependencies:
    - common_cells
    - tech_cells_generic
  rv_plic:
    revision: null
    version: null
    source:
      Path: hardware/deps/rv_plic
    dependencies: []
  tech_cells_generic:
    revision: null
    version: null
    source:
      Path: hardware/deps/tech_cells_generic
    dependencies:
    - common_verification
